
Microsoft Visual Studio Solution File, Format Version 12.00
# Visual Studio Version 16
VisualStudioVersion = 16.0.31105.61
MinimumVisualStudioVersion = 10.0.40219.1
Project("{9A19103F-16F7-4668-BE54-9A1E7A4F7556}") = "StarterAspCartProject", "StarterAspCartProject\StarterAspCartProject.csproj", "{A25ACD87-77C3-4424-8804-F81AB6E0F28C}"
EndProject
Global
	GlobalSection(SolutionConfigurationPlatforms) = preSolution
		Debug|Any CPU = Debug|Any CPU
		Release|Any CPU = Release|Any CPU
	EndGlobalSection
	GlobalSection(ProjectConfigurationPlatforms) = postSolution
		{A25ACD87-77C3-4424-8804-F81AB6E0F28C}.Debug|Any CPU.ActiveCfg = Debug|Any CPU
		{A25ACD87-77C3-4424-8804-F81AB6E0F28C}.Debug|Any CPU.Build.0 = Debug|Any CPU
		{A25ACD87-77C3-4424-8804-F81AB6E0F28C}.Release|Any CPU.ActiveCfg = Release|Any CPU
		{A25ACD87-77C3-4424-8804-F81AB6E0F28C}.Release|Any CPU.Build.0 = Release|Any CPU
	EndGlobalSection
	GlobalSection(SolutionProperties) = preSolution
		HideSolutionNode = FALSE
	EndGlobalSection
	GlobalSection(ExtensibilityGlobals) = postSolution
		SolutionGuid = {F9940014-7E78-4AAD-927C-7A29A41B713D}
	EndGlobalSection
EndGlobal
